// !$*UTF8*$!
{
	archiveVersion = 1;
	classes = {
	};
	objectVersion = 56;
	objects = {

/* Begin PBXFileReference section */
		A3DEA33A29110E3F008C0838 /* leht.html */ = {isa = PBXFileReference; lastKnownFileType = text.html; path = leht.html; sourceTree = "<group>"; };
		A3DEA33B29110F35008C0838 /* conflict.txt */ = {isa = PBXFileReference; lastKnownFileType = text; path = conflict.txt; sourceTree = "<group>"; };
		A3F16C8629111AB9006ECB1C /* hinnaleht.html */ = {isa = PBXFileReference; lastKnownFileType = text.html; path = hinnaleht.html; sourceTree = "<group>"; };
		A3F16C8729111AB9006ECB1C /* broneering.html */ = {isa = PBXFileReference; lastKnownFileType = text.html; path = broneering.html; sourceTree = "<group>"; };
		A3F16C8829111E3F006ECB1C /* style.css */ = {isa = PBXFileReference; lastKnownFileType = text.css; path = style.css; sourceTree = "<group>"; };
/* End PBXFileReference section */

/* Begin PBXGroup section */
		A3DEA33329110E2D008C0838 = {
			isa = PBXGroup;
			children = (
				A3DEA33B29110F35008C0838 /* conflict.txt */,
				A3DEA33A29110E3F008C0838 /* leht.html */,
				A3F16C8729111AB9006ECB1C /* broneering.html */,
				A3F16C8629111AB9006ECB1C /* hinnaleht.html */,
				A3F16C8829111E3F006ECB1C /* style.css */,
			);
			sourceTree = "<group>";
		};
/* End PBXGroup section */

/* Begin PBXProject section */
		A3DEA33429110E2D008C0838 /* Project object */ = {
			isa = PBXProject;
			attributes = {
				BuildIndependentTargetsInParallel = 1;
				LastUpgradeCheck = 1400;
			};
			buildConfigurationList = A3DEA33729110E2D008C0838 /* Build configuration list for PBXProject "seminar9" */;
			compatibilityVersion = "Xcode 14.0";
			developmentRegion = en;
			hasScannedForEncodings = 0;
			knownRegions = (
				en,
				Base,
			);
			mainGroup = A3DEA33329110E2D008C0838;
			projectDirPath = "";
			projectRoot = "";
			targets = (
			);
		};
/* End PBXProject section */

/* Begin XCBuildConfiguration section */
		A3DEA33829110E2D008C0838 /* Debug */ = {
			isa = XCBuildConfiguration;
			buildSettings = {
			};
			name = Debug;
		};
		A3DEA33929110E2D008C0838 /* Release */ = {
			isa = XCBuildConfiguration;
			buildSettings = {
			};
			name = Release;
		};
/* End XCBuildConfiguration section */

/* Begin XCConfigurationList section */
		A3DEA33729110E2D008C0838 /* Build configuration list for PBXProject "seminar9" */ = {
			isa = XCConfigurationList;
			buildConfigurations = (
				A3DEA33829110E2D008C0838 /* Debug */,
				A3DEA33929110E2D008C0838 /* Release */,
			);
			defaultConfigurationIsVisible = 0;
			defaultConfigurationName = Release;
		};
/* End XCConfigurationList section */
	};
	rootObject = A3DEA33429110E2D008C0838 /* Project object */;
}
